
Microsoft Visual Studio Solution File, Format Version 12.00
# Visual Studio 2013
Project("{FAE04EC0-301F-11D3-BF4B-00C04F79EFBC}") = "UnityVS.Prueba.CSharp", "UnityVS.Prueba.CSharp.csproj", "{C370548B-F2AC-9B6C-B529-F5A7CE8F51E4}"
EndProject
Global
	GlobalSection(SolutionConfigurationPlatforms) = preSolution
		Debug|Any CPU = Debug|Any CPU
		Release|Any CPU = Release|Any CPU
	EndGlobalSection
	GlobalSection(ProjectConfigurationPlatforms) = postSolution
		{C370548B-F2AC-9B6C-B529-F5A7CE8F51E4}.Debug|Any CPU.ActiveCfg = Debug|Any CPU
		{C370548B-F2AC-9B6C-B529-F5A7CE8F51E4}.Debug|Any CPU.Build.0 = Debug|Any CPU
		{C370548B-F2AC-9B6C-B529-F5A7CE8F51E4}.Release|Any CPU.ActiveCfg = Release|Any CPU
		{C370548B-F2AC-9B6C-B529-F5A7CE8F51E4}.Release|Any CPU.Build.0 = Release|Any CPU
	EndGlobalSection
	GlobalSection(SolutionProperties) = preSolution
		HideSolutionNode = FALSE
	EndGlobalSection
EndGlobal
